Microsoft Visual Studio Solution File, Format Version 12.00
# Visual Studio Version 17
VisualStudioVersion = 17.5.2.0
MinimumVisualStudioVersion = 10.0.40219.1
Project("{FAE04EC0-301F-11D3-BF4B-00C04F79EFBC}") = "01_14_test", "01_14_test.csproj", "{BF2DA74F-6D95-9F6E-CEB6-BE542FA38BC2}"
EndProject
Global
	GlobalSection(SolutionConfigurationPlatforms) = preSolution
		Debug|Any CPU = Debug|Any CPU
		Release|Any CPU = Release|Any CPU
	EndGlobalSection
	GlobalSection(ProjectConfigurationPlatforms) = postSolution
		{BF2DA74F-6D95-9F6E-CEB6-BE542FA38BC2}.Debug|Any CPU.ActiveCfg = Debug|Any CPU
		{BF2DA74F-6D95-9F6E-CEB6-BE542FA38BC2}.Debug|Any CPU.Build.0 = Debug|Any CPU
		{BF2DA74F-6D95-9F6E-CEB6-BE542FA38BC2}.Release|Any CPU.ActiveCfg = Release|Any CPU
		{BF2DA74F-6D95-9F6E-CEB6-BE542FA38BC2}.Release|Any CPU.Build.0 = Release|Any CPU
	EndGlobalSection
	GlobalSection(SolutionProperties) = preSolution
		HideSolutionNode = FALSE
	EndGlobalSection
	GlobalSection(ExtensibilityGlobals) = postSolution
		SolutionGuid = {74EA5F74-7F46-4DCE-9BEF-6401A7478C48}
	EndGlobalSection
EndGlobal
